
Microsoft Visual Studio Solution File, Format Version 12.00
# Visual Studio Version 16
VisualStudioVersion = 16.0.29001.49
MinimumVisualStudioVersion = 10.0.40219.1
Project("{FAE04EC0-301F-11D3-BF4B-00C04F79EFBC}") = "HipposABP", "HipposABP\HipposABP.csproj", "{3AB33F40-A5EB-4AF4-A9F6-A04F352F8847}"
EndProject
Global
	GlobalSection(SolutionConfigurationPlatforms) = preSolution
		Debug|Any CPU = Debug|Any CPU
		Release|Any CPU = Release|Any CPU
	EndGlobalSection
	GlobalSection(ProjectConfigurationPlatforms) = postSolution
		{3AB33F40-A5EB-4AF4-A9F6-A04F352F8847}.Debug|Any CPU.ActiveCfg = Debug|Any CPU
		{3AB33F40-A5EB-4AF4-A9F6-A04F352F8847}.Debug|Any CPU.Build.0 = Debug|Any CPU
		{3AB33F40-A5EB-4AF4-A9F6-A04F352F8847}.Release|Any CPU.ActiveCfg = Release|Any CPU
		{3AB33F40-A5EB-4AF4-A9F6-A04F352F8847}.Release|Any CPU.Build.0 = Release|Any CPU
	EndGlobalSection
	GlobalSection(SolutionProperties) = preSolution
		HideSolutionNode = FALSE
	EndGlobalSection
	GlobalSection(ExtensibilityGlobals) = postSolution
		SolutionGuid = {63DCA79C-DA8F-4F72-81A4-61F53EB5271E}
	EndGlobalSection
EndGlobal
